
Microsoft Visual Studio Solution File, Format Version 12.00
# Visual Studio Version 17
VisualStudioVersion = 17.5.33627.172
MinimumVisualStudioVersion = 10.0.40219.1
Project("{FAE04EC0-301F-11D3-BF4B-00C04F79EFBC}") = "Noted", "Noted\Noted.csproj", "{9C15878F-3A07-49EA-9030-48F3714E564A}"
EndProject
Global
	GlobalSection(SolutionConfigurationPlatforms) = preSolution
		Debug|Any CPU = Debug|Any CPU
		Release|Any CPU = Release|Any CPU
	EndGlobalSection
	GlobalSection(ProjectConfigurationPlatforms) = postSolution
		{9C15878F-3A07-49EA-9030-48F3714E564A}.Debug|Any CPU.ActiveCfg = Debug|Any CPU
		{9C15878F-3A07-49EA-9030-48F3714E564A}.Debug|Any CPU.Build.0 = Debug|Any CPU
		{9C15878F-3A07-49EA-9030-48F3714E564A}.Release|Any CPU.ActiveCfg = Release|Any CPU
		{9C15878F-3A07-49EA-9030-48F3714E564A}.Release|Any CPU.Build.0 = Release|Any CPU
	EndGlobalSection
	GlobalSection(SolutionProperties) = preSolution
		HideSolutionNode = FALSE
	EndGlobalSection
	GlobalSection(ExtensibilityGlobals) = postSolution
		SolutionGuid = {706F4BC2-5BA6-48D4-82E5-0242471C05B1}
	EndGlobalSection
EndGlobal
